
Microsoft Visual Studio Solution File, Format Version 12.00
# Visual Studio Version 17
VisualStudioVersion = 17.3.32929.385
MinimumVisualStudioVersion = 10.0.40219.1
Project("{FAE04EC0-301F-11D3-BF4B-00C04F79EFBC}") = "Base de donnees", "Base de donnees\Base de donnees.csproj", "{0DC134AA-49F3-4E6C-B8A1-29E25C977AA1}"
EndProject
Global
	GlobalSection(SolutionConfigurationPlatforms) = preSolution
		Debug|Any CPU = Debug|Any CPU
		Release|Any CPU = Release|Any CPU
	EndGlobalSection
	GlobalSection(ProjectConfigurationPlatforms) = postSolution
		{0DC134AA-49F3-4E6C-B8A1-29E25C977AA1}.Debug|Any CPU.ActiveCfg = Debug|Any CPU
		{0DC134AA-49F3-4E6C-B8A1-29E25C977AA1}.Debug|Any CPU.Build.0 = Debug|Any CPU
		{0DC134AA-49F3-4E6C-B8A1-29E25C977AA1}.Release|Any CPU.ActiveCfg = Release|Any CPU
		{0DC134AA-49F3-4E6C-B8A1-29E25C977AA1}.Release|Any CPU.Build.0 = Release|Any CPU
	EndGlobalSection
	GlobalSection(SolutionProperties) = preSolution
		HideSolutionNode = FALSE
	EndGlobalSection
	GlobalSection(ExtensibilityGlobals) = postSolution
		SolutionGuid = {BDCF55EE-05C6-4811-88B1-8789F0BE13B3}
	EndGlobalSection
EndGlobal
